
Microsoft Visual Studio Solution File, Format Version 12.00
# Visual Studio Version 16
VisualStudioVersion = 16.0.30114.105
MinimumVisualStudioVersion = 10.0.40219.1
Project("{FAE04EC0-301F-11D3-BF4B-00C04F79EFBC}") = "MadLibsGame", "MadLibsGame\MadLibsGame.csproj", "{4EDECBE0-B4D4-4755-BA2A-059AD3787101}"
EndProject
Global
	GlobalSection(SolutionConfigurationPlatforms) = preSolution
		Debug|Any CPU = Debug|Any CPU
		Release|Any CPU = Release|Any CPU
	EndGlobalSection
	GlobalSection(ProjectConfigurationPlatforms) = postSolution
		{4EDECBE0-B4D4-4755-BA2A-059AD3787101}.Debug|Any CPU.ActiveCfg = Debug|Any CPU
		{4EDECBE0-B4D4-4755-BA2A-059AD3787101}.Debug|Any CPU.Build.0 = Debug|Any CPU
		{4EDECBE0-B4D4-4755-BA2A-059AD3787101}.Release|Any CPU.ActiveCfg = Release|Any CPU
		{4EDECBE0-B4D4-4755-BA2A-059AD3787101}.Release|Any CPU.Build.0 = Release|Any CPU
	EndGlobalSection
	GlobalSection(SolutionProperties) = preSolution
		HideSolutionNode = FALSE
	EndGlobalSection
	GlobalSection(ExtensibilityGlobals) = postSolution
		SolutionGuid = {7B0B0752-7EA0-4298-B095-7ADEC2AE0FA4}
	EndGlobalSection
EndGlobal
